
Microsoft Visual Studio Solution File, Format Version 12.00
# Visual Studio 2013
VisualStudioVersion = 12.0.21005.1
MinimumVisualStudioVersion = 10.0.40219.1
Project("{FAE04EC0-301F-11D3-BF4B-00C04F79EFBC}") = "Ajax", "Ajax\Ajax.csproj", "{C1951245-92C0-45CC-9A7D-0B2DF95EB60B}"
EndProject
Project("{FAE04EC0-301F-11D3-BF4B-00C04F79EFBC}") = "Ajax.Data", "Ajax.Data\Ajax.Data.csproj", "{B93A892A-40BB-48E3-9127-6ECF5A86B303}"
EndProject
Global
	GlobalSection(SolutionConfigurationPlatforms) = preSolution
		Debug|Any CPU = Debug|Any CPU
		Release|Any CPU = Release|Any CPU
	EndGlobalSection
	GlobalSection(ProjectConfigurationPlatforms) = postSolution
		{C1951245-92C0-45CC-9A7D-0B2DF95EB60B}.Debug|Any CPU.ActiveCfg = Debug|Any CPU
		{C1951245-92C0-45CC-9A7D-0B2DF95EB60B}.Debug|Any CPU.Build.0 = Debug|Any CPU
		{C1951245-92C0-45CC-9A7D-0B2DF95EB60B}.Release|Any CPU.ActiveCfg = Release|Any CPU
		{C1951245-92C0-45CC-9A7D-0B2DF95EB60B}.Release|Any CPU.Build.0 = Release|Any CPU
		{B93A892A-40BB-48E3-9127-6ECF5A86B303}.Debug|Any CPU.ActiveCfg = Debug|Any CPU
		{B93A892A-40BB-48E3-9127-6ECF5A86B303}.Debug|Any CPU.Build.0 = Debug|Any CPU
		{B93A892A-40BB-48E3-9127-6ECF5A86B303}.Release|Any CPU.ActiveCfg = Release|Any CPU
		{B93A892A-40BB-48E3-9127-6ECF5A86B303}.Release|Any CPU.Build.0 = Release|Any CPU
	EndGlobalSection
	GlobalSection(SolutionProperties) = preSolution
		HideSolutionNode = FALSE
	EndGlobalSection
EndGlobal
